
Microsoft Visual Studio Solution File, Format Version 12.00
# Visual Studio Version 16
VisualStudioVersion = 16.0.29613.14
MinimumVisualStudioVersion = 10.0.40219.1
Project("{FAE04EC0-301F-11D3-BF4B-00C04F79EFBC}") = "Twitter_Console", "Twitter_Console\Twitter_Console.csproj", "{C28383FA-7534-49F3-B297-30791724FE3B}"
EndProject
Project("{FAE04EC0-301F-11D3-BF4B-00C04F79EFBC}") = "TweetManager", "TweetManager\TweetManager.csproj", "{F440B2D6-FC40-4727-8C4D-ACD60980A4EF}"
EndProject
Project("{FAE04EC0-301F-11D3-BF4B-00C04F79EFBC}") = "Twitter-From", "Twitter-From\Twitter-From.csproj", "{4D5EF6A2-17CA-417D-BD62-D8EB973EC7F7}"
EndProject
Global
	GlobalSection(SolutionConfigurationPlatforms) = preSolution
		Debug|Any CPU = Debug|Any CPU
		Release|Any CPU = Release|Any CPU
	EndGlobalSection
	GlobalSection(ProjectConfigurationPlatforms) = postSolution
		{C28383FA-7534-49F3-B297-30791724FE3B}.Debug|Any CPU.ActiveCfg = Debug|Any CPU
		{C28383FA-7534-49F3-B297-30791724FE3B}.Debug|Any CPU.Build.0 = Debug|Any CPU
		{C28383FA-7534-49F3-B297-30791724FE3B}.Release|Any CPU.ActiveCfg = Release|Any CPU
		{C28383FA-7534-49F3-B297-30791724FE3B}.Release|Any CPU.Build.0 = Release|Any CPU
		{F440B2D6-FC40-4727-8C4D-ACD60980A4EF}.Debug|Any CPU.ActiveCfg = Debug|Any CPU
		{F440B2D6-FC40-4727-8C4D-ACD60980A4EF}.Debug|Any CPU.Build.0 = Debug|Any CPU
		{F440B2D6-FC40-4727-8C4D-ACD60980A4EF}.Release|Any CPU.ActiveCfg = Release|Any CPU
		{F440B2D6-FC40-4727-8C4D-ACD60980A4EF}.Release|Any CPU.Build.0 = Release|Any CPU
		{4D5EF6A2-17CA-417D-BD62-D8EB973EC7F7}.Debug|Any CPU.ActiveCfg = Debug|Any CPU
		{4D5EF6A2-17CA-417D-BD62-D8EB973EC7F7}.Debug|Any CPU.Build.0 = Debug|Any CPU
		{4D5EF6A2-17CA-417D-BD62-D8EB973EC7F7}.Release|Any CPU.ActiveCfg = Release|Any CPU
		{4D5EF6A2-17CA-417D-BD62-D8EB973EC7F7}.Release|Any CPU.Build.0 = Release|Any CPU
	EndGlobalSection
	GlobalSection(SolutionProperties) = preSolution
		HideSolutionNode = FALSE
	EndGlobalSection
	GlobalSection(ExtensibilityGlobals) = postSolution
		SolutionGuid = {89B9EB74-086C-4449-953E-658AD36C9429}
	EndGlobalSection
EndGlobal
